
Microsoft Visual Studio Solution File, Format Version 12.00
# Visual Studio Version 17
VisualStudioVersion = 17.8.34309.116
MinimumVisualStudioVersion = 10.0.40219.1
Project("{888888A0-9F3D-457C-B088-3A5042F75D52}") = "tanrinin_kilici", "tanrinin_kilici\tanrinin_kilici.pyproj", "{FF5A5DE5-E09C-4194-A898-0A2EB96F4113}"
EndProject
Global
	GlobalSection(SolutionConfigurationPlatforms) = preSolution
		Debug|Any CPU = Debug|Any CPU
		Release|Any CPU = Release|Any CPU
	EndGlobalSection
	GlobalSection(ProjectConfigurationPlatforms) = postSolution
		{FF5A5DE5-E09C-4194-A898-0A2EB96F4113}.Debug|Any CPU.ActiveCfg = Debug|Any CPU
		{FF5A5DE5-E09C-4194-A898-0A2EB96F4113}.Release|Any CPU.ActiveCfg = Release|Any CPU
	EndGlobalSection
	GlobalSection(SolutionProperties) = preSolution
		HideSolutionNode = FALSE
	EndGlobalSection
	GlobalSection(ExtensibilityGlobals) = postSolution
		SolutionGuid = {6EA926D2-1414-4F6C-A142-98773DED6011}
	EndGlobalSection
EndGlobal
